Microsoft Visual Studio Solution File, Format Version 11.00
# Visual Studio 2008

Project("{21E7D0A2-D5E3-7572-0598-7DB7E83AB138}") = "flaming-flying-machine", "Assembly-CSharp.csproj", "{56579919-15D2-D997-2D3A-D8A268CDAFFB}"
EndProject
Global
	GlobalSection(SolutionConfigurationPlatforms) = preSolution
		Debug|Any CPU = Debug|Any CPU
		Release|Any CPU = Release|Any CPU
	EndGlobalSection
	GlobalSection(ProjectConfigurationPlatforms) = postSolution
		{56579919-15D2-D997-2D3A-D8A268CDAFFB}.Debug|Any CPU.ActiveCfg = Debug|Any CPU
		{56579919-15D2-D997-2D3A-D8A268CDAFFB}.Debug|Any CPU.Build.0 = Debug|Any CPU
		{56579919-15D2-D997-2D3A-D8A268CDAFFB}.Release|Any CPU.ActiveCfg = Release|Any CPU
		{56579919-15D2-D997-2D3A-D8A268CDAFFB}.Release|Any CPU.Build.0 = Release|Any CPU
	EndGlobalSection
	GlobalSection(SolutionProperties) = preSolution
		HideSolutionNode = FALSE
	EndGlobalSection
																																																														GlobalSection(MonoDevelopProperties) = preSolution
=======
																							GlobalSection(MonoDevelopProperties) = preSolution
>>>>>>> 53ba10237c831d4749d98d69e15b4afbe08cbdcb
=======
												GlobalSection(MonoDevelopProperties) = preSolution
>>>>>>> e3387b807f63031333c3ba370271d9b7626d22d3
		StartupItem = Assembly-CSharp.csproj
		Policies = $0
		$0.TextStylePolicy = $1
		$1.inheritsSet = null
		$1.scope = text/x-csharp
		$0.CSharpFormattingPolicy = $2
		$2.inheritsSet = Mono
		$2.inheritsScope = text/x-csharp
		$2.scope = text/x-csharp
		$0.TextStylePolicy = $3
		$3.FileWidth = 120
		$3.TabWidth = 4
		$3.EolMarker = Unix
		$3.inheritsSet = Mono
		$3.inheritsScope = text/plain
		$3.scope = text/plain
	EndGlobalSection

EndGlobal
